
Microsoft Visual Studio Solution File, Format Version 12.00
# Visual Studio Version 17
VisualStudioVersion = 17.1.32210.238
MinimumVisualStudioVersion = 10.0.40219.1
Project("{2150E333-8FDC-42A3-9474-1A3956D46DE8}") = "Src", "Src", "{971140C6-67C5-4129-8052-7CDBA3782C93}"
EndProject
Project("{2150E333-8FDC-42A3-9474-1A3956D46DE8}") = "Tests", "Tests", "{789F8B08-DF31-4E06-BDE6-A973E94AEC18}"
EndProject
Project("{9A19103F-16F7-4668-BE54-9A1E7A4F7556}") = "BalanceApp.Domain", "BalanceApp.Domain\BalanceApp.Domain.csproj", "{EF91604D-FDD0-4C1E-A729-4B86CFA030AA}"
EndProject
Project("{9A19103F-16F7-4668-BE54-9A1E7A4F7556}") = "BalanceApp.Infrastructure", "BalanceApp.Infrastructure\BalanceApp.Infrastructure.csproj", "{1945AC76-E2B0-4859-BF28-5C0ADA90672E}"
EndProject
Project("{9A19103F-16F7-4668-BE54-9A1E7A4F7556}") = "BalanceApp.Application", "BalanceApp.Application\BalanceApp.Application.csproj", "{0B91755F-8228-4EB4-BBD6-40EA859D2A4A}"
EndProject
Project("{9A19103F-16F7-4668-BE54-9A1E7A4F7556}") = "BalanceApp.Application.UnitTests", "BalanceApp.Application.UnitTests\BalanceApp.Application.UnitTests.csproj", "{8F24B223-5762-41C5-8851-C73283154C70}"
EndProject
Project("{9A19103F-16F7-4668-BE54-9A1E7A4F7556}") = "BalanceApp.Domain.UnitTests", "BalanceApp.Domain.UnitTests\BalanceApp.Domain.UnitTests.csproj", "{842CD5BA-CB06-4A0C-9E48-C6150D763730}"
EndProject
Project("{9A19103F-16F7-4668-BE54-9A1E7A4F7556}") = "BalanceApp.UI.UnitTests", "BalanceApp.UI.UnitTests\BalanceApp.UI.UnitTests.csproj", "{EC5500A0-FC14-4325-8834-8866D8BD3927}"
EndProject
Project("{9A19103F-16F7-4668-BE54-9A1E7A4F7556}") = "BalanceApp.UI", "BalanceApp.UI\BalanceApp.UI.csproj", "{1C4D2B37-B11D-4A28-9667-377EA2DD42A1}"
EndProject
Global
	GlobalSection(SolutionConfigurationPlatforms) = preSolution
		Debug|Any CPU = Debug|Any CPU
		Release|Any CPU = Release|Any CPU
	EndGlobalSection
	GlobalSection(ProjectConfigurationPlatforms) = postSolution
		{EF91604D-FDD0-4C1E-A729-4B86CFA030AA}.Debug|Any CPU.ActiveCfg = Debug|Any CPU
		{EF91604D-FDD0-4C1E-A729-4B86CFA030AA}.Debug|Any CPU.Build.0 = Debug|Any CPU
		{EF91604D-FDD0-4C1E-A729-4B86CFA030AA}.Release|Any CPU.ActiveCfg = Release|Any CPU
		{EF91604D-FDD0-4C1E-A729-4B86CFA030AA}.Release|Any CPU.Build.0 = Release|Any CPU
		{1945AC76-E2B0-4859-BF28-5C0ADA90672E}.Debug|Any CPU.ActiveCfg = Debug|Any CPU
		{1945AC76-E2B0-4859-BF28-5C0ADA90672E}.Debug|Any CPU.Build.0 = Debug|Any CPU
		{1945AC76-E2B0-4859-BF28-5C0ADA90672E}.Release|Any CPU.ActiveCfg = Release|Any CPU
		{1945AC76-E2B0-4859-BF28-5C0ADA90672E}.Release|Any CPU.Build.0 = Release|Any CPU
		{0B91755F-8228-4EB4-BBD6-40EA859D2A4A}.Debug|Any CPU.ActiveCfg = Debug|Any CPU
		{0B91755F-8228-4EB4-BBD6-40EA859D2A4A}.Debug|Any CPU.Build.0 = Debug|Any CPU
		{0B91755F-8228-4EB4-BBD6-40EA859D2A4A}.Release|Any CPU.ActiveCfg = Release|Any CPU
		{0B91755F-8228-4EB4-BBD6-40EA859D2A4A}.Release|Any CPU.Build.0 = Release|Any CPU
		{8F24B223-5762-41C5-8851-C73283154C70}.Debug|Any CPU.ActiveCfg = Debug|Any CPU
		{8F24B223-5762-41C5-8851-C73283154C70}.Debug|Any CPU.Build.0 = Debug|Any CPU
		{8F24B223-5762-41C5-8851-C73283154C70}.Release|Any CPU.ActiveCfg = Release|Any CPU
		{8F24B223-5762-41C5-8851-C73283154C70}.Release|Any CPU.Build.0 = Release|Any CPU
		{842CD5BA-CB06-4A0C-9E48-C6150D763730}.Debug|Any CPU.ActiveCfg = Debug|Any CPU
		{842CD5BA-CB06-4A0C-9E48-C6150D763730}.Debug|Any CPU.Build.0 = Debug|Any CPU
		{842CD5BA-CB06-4A0C-9E48-C6150D763730}.Release|Any CPU.ActiveCfg = Release|Any CPU
		{842CD5BA-CB06-4A0C-9E48-C6150D763730}.Release|Any CPU.Build.0 = Release|Any CPU
		{EC5500A0-FC14-4325-8834-8866D8BD3927}.Debug|Any CPU.ActiveCfg = Debug|Any CPU
		{EC5500A0-FC14-4325-8834-8866D8BD3927}.Debug|Any CPU.Build.0 = Debug|Any CPU
		{EC5500A0-FC14-4325-8834-8866D8BD3927}.Release|Any CPU.ActiveCfg = Release|Any CPU
		{EC5500A0-FC14-4325-8834-8866D8BD3927}.Release|Any CPU.Build.0 = Release|Any CPU
		{1C4D2B37-B11D-4A28-9667-377EA2DD42A1}.Debug|Any CPU.ActiveCfg = Debug|Any CPU
		{1C4D2B37-B11D-4A28-9667-377EA2DD42A1}.Debug|Any CPU.Build.0 = Debug|Any CPU
		{1C4D2B37-B11D-4A28-9667-377EA2DD42A1}.Release|Any CPU.ActiveCfg = Release|Any CPU
		{1C4D2B37-B11D-4A28-9667-377EA2DD42A1}.Release|Any CPU.Build.0 = Release|Any CPU
	EndGlobalSection
	GlobalSection(SolutionProperties) = preSolution
		HideSolutionNode = FALSE
	EndGlobalSection
	GlobalSection(NestedProjects) = preSolution
		{EF91604D-FDD0-4C1E-A729-4B86CFA030AA} = {971140C6-67C5-4129-8052-7CDBA3782C93}
		{1945AC76-E2B0-4859-BF28-5C0ADA90672E} = {971140C6-67C5-4129-8052-7CDBA3782C93}
		{0B91755F-8228-4EB4-BBD6-40EA859D2A4A} = {971140C6-67C5-4129-8052-7CDBA3782C93}
		{8F24B223-5762-41C5-8851-C73283154C70} = {789F8B08-DF31-4E06-BDE6-A973E94AEC18}
		{842CD5BA-CB06-4A0C-9E48-C6150D763730} = {789F8B08-DF31-4E06-BDE6-A973E94AEC18}
		{EC5500A0-FC14-4325-8834-8866D8BD3927} = {789F8B08-DF31-4E06-BDE6-A973E94AEC18}
		{1C4D2B37-B11D-4A28-9667-377EA2DD42A1} = {971140C6-67C5-4129-8052-7CDBA3782C93}
	EndGlobalSection
	GlobalSection(ExtensibilityGlobals) = postSolution
		SolutionGuid = {CE02DEE2-46D8-4FC8-A4E7-979192962407}
	EndGlobalSection
EndGlobal
